// !$*UTF8*$!
{
	archiveVersion = 1;
	classes = {
	};
	objectVersion = 46;
	objects = {

/* Begin PBXBuildFile section */
		3A2C7F031DBD5B010084A9F4 /* DetailViewController.swift in Sources */ = {isa = PBXBuildFile; fileRef = 3A2C7F021DBD5B010084A9F4 /* DetailViewController.swift */; };
		3AD767DF1DB681D900BE5E05 /* AppDelegate.swift in Sources */ = {isa = PBXBuildFile; fileRef = 3AD767DE1DB681D900BE5E05 /* AppDelegate.swift */; };
		3AD767E41DB681D900BE5E05 /* Main.storyboard in Resources */ = {isa = PBXBuildFile; fileRef = 3AD767E21DB681D900BE5E05 /* Main.storyboard */; };
		3AD767E61DB681D900BE5E05 /* Assets.xcassets in Resources */ = {isa = PBXBuildFile; fileRef = 3AD767E51DB681D900BE5E05 /* Assets.xcassets */; };
		3AD767E91DB681D900BE5E05 /* LaunchScreen.storyboard in Resources */ = {isa = PBXBuildFile; fileRef = 3AD767E71DB681D900BE5E05 /* LaunchScreen.storyboard */; };
		3AD767F11DB6823400BE5E05 /* walk_of_fame.json in Resources */ = {isa = PBXBuildFile; fileRef = 3AD767F01DB6823400BE5E05 /* walk_of_fame.json */; };
		3AD767F31DB6828700BE5E05 /* WOFTableViewController.swift in Sources */ = {isa = PBXBuildFile; fileRef = 3AD767F21DB6828700BE5E05 /* WOFTableViewController.swift */; };
		3AD767F51DB6844400BE5E05 /* Walk.swift in Sources */ = {isa = PBXBuildFile; fileRef = 3AD767F41DB6844400BE5E05 /* Walk.swift */; };
/* End PBXBuildFile section */

/* Begin PBXFileReference section */
		3A2C7F021DBD5B010084A9F4 /* DetailViewController.swift */ = {isa = PBXFileReference; fileEncoding = 4; lastKnownFileType = sourcecode.swift; path = DetailViewController.swift; sourceTree = "<group>"; };
		3AD767DB1DB681D900BE5E05 /* WalkOfFame.app */ = {isa = PBXFileReference; explicitFileType = wrapper.application; includeInIndex = 0; path = WalkOfFame.app; sourceTree = BUILT_PRODUCTS_DIR; };
		3AD767DE1DB681D900BE5E05 /* AppDelegate.swift */ = {isa = PBXFileReference; lastKnownFileType = sourcecode.swift; path = AppDelegate.swift; sourceTree = "<group>"; };
		3AD767E31DB681D900BE5E05 /* Base */ = {isa = PBXFileReference; lastKnownFileType = file.storyboard; name = Base; path = Base.lproj/Main.storyboard; sourceTree = "<group>"; };
		3AD767E51DB681D900BE5E05 /* Assets.xcassets */ = {isa = PBXFileReference; lastKnownFileType = folder.assetcatalog; path = Assets.xcassets; sourceTree = "<group>"; };
		3AD767E81DB681D900BE5E05 /* Base */ = {isa = PBXFileReference; lastKnownFileType = file.storyboard; name = Base; path = Base.lproj/LaunchScreen.storyboard; sourceTree = "<group>"; };
		3AD767EA1DB681D900BE5E05 /* Info.plist */ = {isa = PBXFileReference; lastKnownFileType = text.plist.xml; path = Info.plist; sourceTree = "<group>"; };
		3AD767F01DB6823400BE5E05 /* walk_of_fame.json */ = {isa = PBXFileReference; fileEncoding = 4; lastKnownFileType = text.json; name = walk_of_fame.json; path = ../../../../Desktop/walk_of_fame.json; sourceTree = "<group>"; };
		3AD767F21DB6828700BE5E05 /* WOFTableViewController.swift */ = {isa = PBXFileReference; fileEncoding = 4; lastKnownFileType = sourcecode.swift; path = WOFTableViewController.swift; sourceTree = "<group>"; };
		3AD767F41DB6844400BE5E05 /* Walk.swift */ = {isa = PBXFileReference; fileEncoding = 4; lastKnownFileType = sourcecode.swift; path = Walk.swift; sourceTree = "<group>"; };
/* End PBXFileReference section */

/* Begin PBXFrameworksBuildPhase section */
		3AD767D81DB681D900BE5E05 /* Frameworks */ = {
			isa = PBXFrameworksBuildPhase;
			buildActionMask = 2147483647;
			files = (
			);
			runOnlyForDeploymentPostprocessing = 0;
		};
/* End PBXFrameworksBuildPhase section */

/* Begin PBXGroup section */
		3AD767D21DB681D900BE5E05 = {
			isa = PBXGroup;
			children = (
				3AD767DD1DB681D900BE5E05 /* WalkOfFame */,
				3AD767DC1DB681D900BE5E05 /* Products */,
			);
			sourceTree = "<group>";
		};
		3AD767DC1DB681D900BE5E05 /* Products */ = {
			isa = PBXGroup;
			children = (
				3AD767DB1DB681D900BE5E05 /* WalkOfFame.app */,
			);
			name = Products;
			sourceTree = "<group>";
		};
		3AD767DD1DB681D900BE5E05 /* WalkOfFame */ = {
			isa = PBXGroup;
			children = (
				3AD767DE1DB681D900BE5E05 /* AppDelegate.swift */,
				3AD767F21DB6828700BE5E05 /* WOFTableViewController.swift */,
				3A2C7F021DBD5B010084A9F4 /* DetailViewController.swift */,
				3AD767F41DB6844400BE5E05 /* Walk.swift */,
				3AD767E21DB681D900BE5E05 /* Main.storyboard */,
				3AD767F01DB6823400BE5E05 /* walk_of_fame.json */,
				3AD767E51DB681D900BE5E05 /* Assets.xcassets */,
				3AD767E71DB681D900BE5E05 /* LaunchScreen.storyboard */,
				3AD767EA1DB681D900BE5E05 /* Info.plist */,
			);
			path = WalkOfFame;
			sourceTree = "<group>";
		};
/* End PBXGroup section */

/* Begin PBXNativeTarget section */
		3AD767DA1DB681D900BE5E05 /* WalkOfFame */ = {
			isa = PBXNativeTarget;
			buildConfigurationList = 3AD767ED1DB681D900BE5E05 /* Build configuration list for PBXNativeTarget "WalkOfFame" */;
			buildPhases = (
				3AD767D71DB681D900BE5E05 /* Sources */,
				3AD767D81DB681D900BE5E05 /* Frameworks */,
				3AD767D91DB681D900BE5E05 /* Resources */,
			);
			buildRules = (
			);
			dependencies = (
			);
			name = WalkOfFame;
			productName = WalkOfFame;
			productReference = 3AD767DB1DB681D900BE5E05 /* WalkOfFame.app */;
			productType = "com.apple.product-type.application";
		};
/* End PBXNativeTarget section */

/* Begin PBXProject section */
		3AD767D31DB681D900BE5E05 /* Project object */ = {
			isa = PBXProject;
			attributes = {
				LastSwiftUpdateCheck = 0800;
				LastUpgradeCheck = 0800;
				ORGANIZATIONNAME = "Erica Stevens";
				TargetAttributes = {
					3AD767DA1DB681D900BE5E05 = {
						CreatedOnToolsVersion = 8.0;
						ProvisioningStyle = Automatic;
					};
				};
			};
			buildConfigurationList = 3AD767D61DB681D900BE5E05 /* Build configuration list for PBXProject "WalkOfFame" */;
			compatibilityVersion = "Xcode 3.2";
			developmentRegion = English;
			hasScannedForEncodings = 0;
			knownRegions = (
				en,
				Base,
			);
			mainGroup = 3AD767D21DB681D900BE5E05;
			productRefGroup = 3AD767DC1DB681D900BE5E05 /* Products */;
			projectDirPath = "";
			projectRoot = "";
			targets = (
				3AD767DA1DB681D900BE5E05 /* WalkOfFame */,
			);
		};
/* End PBXProject section */

/* Begin PBXResourcesBuildPhase section */
		3AD767D91DB681D900BE5E05 /* Resources */ = {
			isa = PBXResourcesBuildPhase;
			buildActionMask = 2147483647;
			files = (
				3AD767F11DB6823400BE5E05 /* walk_of_fame.json in Resources */,
				3AD767E91DB681D900BE5E05 /* LaunchScreen.storyboard in Resources */,
				3AD767E61DB681D900BE5E05 /* Assets.xcassets in Resources */,
				3AD767E41DB681D900BE5E05 /* Main.storyboard in Resources */,
			);
			runOnlyForDeploymentPostprocessing = 0;
		};
/* End PBXResourcesBuildPhase section */

/* Begin PBXSourcesBuildPhase section */
		3AD767D71DB681D900BE5E05 /* Sources */ = {
			isa = PBXSourcesBuildPhase;
			buildActionMask = 2147483647;
			files = (
				3AD767F51DB6844400BE5E05 /* Walk.swift in Sources */,
				3AD767DF1DB681D900BE5E05 /* AppDelegate.swift in Sources */,
				3AD767F31DB6828700BE5E05 /* WOFTableViewController.swift in Sources */,
				3A2C7F031DBD5B010084A9F4 /* DetailViewController.swift in Sources */,
			);
			runOnlyForDeploymentPostprocessing = 0;
		};
/* End PBXSourcesBuildPhase section */

/* Begin PBXVariantGroup section */
		3AD767E21DB681D900BE5E05 /* Main.storyboard */ = {
			isa = PBXVariantGroup;
			children = (
				3AD767E31DB681D900BE5E05 /* Base */,
			);
			name = Main.storyboard;
			sourceTree = "<group>";
		};
		3AD767E71DB681D900BE5E05 /* LaunchScreen.storyboard */ = {
			isa = PBXVariantGroup;
			children = (
				3AD767E81DB681D900BE5E05 /* Base */,
			);
			name = LaunchScreen.storyboard;
			sourceTree = "<group>";
		};
/* End PBXVariantGroup section */

/* Begin XCBuildConfiguration section */
		3AD767EB1DB681D900BE5E05 /* Debug */ = {
			isa = XCBuildConfiguration;
			buildSettings = {
				ALWAYS_SEARCH_USER_PATHS = NO;
				CLANG_ANALYZER_NONNULL = YES;
				CLANG_CXX_LANGUAGE_STANDARD = "gnu++0x";
				CLANG_CXX_LIBRARY = "libc++";
				CLANG_ENABLE_MODULES = YES;
				CLANG_ENABLE_OBJC_ARC = YES;
				CLANG_WARN_BOOL_CONVERSION = YES;
				CLANG_WARN_CONSTANT_CONVERSION = YES;
				CLANG_WARN_DIRECT_OBJC_ISA_USAGE = YES_ERROR;
				CLANG_WARN_DOCUMENTATION_COMMENTS = YES;
				CLANG_WARN_EMPTY_BODY = YES;
				CLANG_WARN_ENUM_CONVERSION = YES;
				CLANG_WARN_INFINITE_RECURSION = YES;
				CLANG_WARN_INT_CONVERSION = YES;
				CLANG_WARN_OBJC_ROOT_CLASS = YES_ERROR;
				CLANG_WARN_SUSPICIOUS_MOVES = YES;
				CLANG_WARN_UNREACHABLE_CODE = YES;
				CLANG_WARN__DUPLICATE_METHOD_MATCH = YES;
				"CODE_SIGN_IDENTITY[sdk=iphoneos*]" = "iPhone Developer";
				COPY_PHASE_STRIP = NO;
				DEBUG_INFORMATION_FORMAT = dwarf;
				ENABLE_STRICT_OBJC_MSGSEND = YES;
				ENABLE_TESTABILITY = YES;
				GCC_C_LANGUAGE_STANDARD = gnu99;
				GCC_DYNAMIC_NO_PIC = NO;
				GCC_NO_COMMON_BLOCKS = YES;
				GCC_OPTIMIZATION_LEVEL = 0;
				GCC_PREPROCESSOR_DEFINITIONS = (
					"DEBUG=1",
					"$(inherited)",
				);
				GCC_WARN_64_TO_32_BIT_CONVERSION = YES;
				GCC_WARN_ABOUT_RETURN_TYPE = YES_ERROR;
				GCC_WARN_UNDECLARED_SELECTOR = YES;
				GCC_WARN_UNINITIALIZED_AUTOS = YES_AGGRESSIVE;
				GCC_WARN_UNUSED_FUNCTION = YES;
				GCC_WARN_UNUSED_VARIABLE = YES;
				IPHONEOS_DEPLOYMENT_TARGET = 10.0;
				MTL_ENABLE_DEBUG_INFO = YES;
				ONLY_ACTIVE_ARCH = YES;
				SDKROOT = iphoneos;
				SWIFT_ACTIVE_COMPILATION_CONDITIONS = DEBUG;
				SWIFT_OPTIMIZATION_LEVEL = "-Onone";
				TARGETED_DEVICE_FAMILY = "1,2";
			};
			name = Debug;
		};
		3AD767EC1DB681D900BE5E05 /* Release */ = {
			isa = XCBuildConfiguration;
			buildSettings = {
				ALWAYS_SEARCH_USER_PATHS = NO;
				CLANG_ANALYZER_NONNULL = YES;
				CLANG_CXX_LANGUAGE_STANDARD = "gnu++0x";
				CLANG_CXX_LIBRARY = "libc++";
				CLANG_ENABLE_MODULES = YES;
				CLANG_ENABLE_OBJC_ARC = YES;
				CLANG_WARN_BOOL_CONVERSION = YES;
				CLANG_WARN_CONSTANT_CONVERSION = YES;
				CLANG_WARN_DIRECT_OBJC_ISA_USAGE = YES_ERROR;
				CLANG_WARN_DOCUMENTATION_COMMENTS = YES;
				CLANG_WARN_EMPTY_BODY = YES;
				CLANG_WARN_ENUM_CONVERSION = YES;
				CLANG_WARN_INFINITE_RECURSION = YES;
				CLANG_WARN_INT_CONVERSION = YES;
				CLANG_WARN_OBJC_ROOT_CLASS = YES_ERROR;
				CLANG_WARN_SUSPICIOUS_MOVES = YES;
				CLANG_WARN_UNREACHABLE_CODE = YES;
				CLANG_WARN__DUPLICATE_METHOD_MATCH = YES;
				"CODE_SIGN_IDENTITY[sdk=iphoneos*]" = "iPhone Developer";
				COPY_PHASE_STRIP = NO;
				DEBUG_INFORMATION_FORMAT = "dwarf-with-dsym";
				ENABLE_NS_ASSERTIONS = NO;
				ENABLE_STRICT_OBJC_MSGSEND = YES;
				GCC_C_LANGUAGE_STANDARD = gnu99;
				GCC_NO_COMMON_BLOCKS = YES;
				GCC_WARN_64_TO_32_BIT_CONVERSION = YES;
				GCC_WARN_ABOUT_RETURN_TYPE = YES_ERROR;
				GCC_WARN_UNDECLARED_SELECTOR = YES;
				GCC_WARN_UNINITIALIZED_AUTOS = YES_AGGRESSIVE;
				GCC_WARN_UNUSED_FUNCTION = YES;
				GCC_WARN_UNUSED_VARIABLE = YES;
				IPHONEOS_DEPLOYMENT_TARGET = 10.0;
				MTL_ENABLE_DEBUG_INFO = NO;
				SDKROOT = iphoneos;
				SWIFT_OPTIMIZATION_LEVEL = "-Owholemodule";
				TARGETED_DEVICE_FAMILY = "1,2";
				VALIDATE_PRODUCT = YES;
			};
			name = Release;
		};
		3AD767EE1DB681D900BE5E05 /* Debug */ = {
			isa = XCBuildConfiguration;
			buildSettings = {
				ASSETCATALOG_COMPILER_APPICON_NAME = AppIcon;
				INFOPLIST_FILE = WalkOfFame/Info.plist;
				LD_RUNPATH_SEARCH_PATHS = "$(inherited) @executable_path/Frameworks";
				PRODUCT_BUNDLE_IDENTIFIER = nyc.c4q.ericastevens.WalkOfFame;
				PRODUCT_NAME = "$(TARGET_NAME)";
				SWIFT_VERSION = 3.0;
			};
			name = Debug;
		};
		3AD767EF1DB681D900BE5E05 /* Release */ = {
			isa = XCBuildConfiguration;
			buildSettings = {
				ASSETCATALOG_COMPILER_APPICON_NAME = AppIcon;
				INFOPLIST_FILE = WalkOfFame/Info.plist;
				LD_RUNPATH_SEARCH_PATHS = "$(inherited) @executable_path/Frameworks";
				PRODUCT_BUNDLE_IDENTIFIER = nyc.c4q.ericastevens.WalkOfFame;
				PRODUCT_NAME = "$(TARGET_NAME)";
				SWIFT_VERSION = 3.0;
			};
			name = Release;
		};
/* End XCBuildConfiguration section */

/* Begin XCConfigurationList section */
		3AD767D61DB681D900BE5E05 /* Build configuration list for PBXProject "WalkOfFame" */ = {
			isa = XCConfigurationList;
			buildConfigurations = (
				3AD767EB1DB681D900BE5E05 /* Debug */,
				3AD767EC1DB681D900BE5E05 /* Release */,
			);
			defaultConfigurationIsVisible = 0;
			defaultConfigurationName = Release;
		};
		3AD767ED1DB681D900BE5E05 /* Build configuration list for PBXNativeTarget "WalkOfFame" */ = {
			isa = XCConfigurationList;
			buildConfigurations = (
				3AD767EE1DB681D900BE5E05 /* Debug */,
				3AD767EF1DB681D900BE5E05 /* Release */,
			);
			defaultConfigurationIsVisible = 0;
			defaultConfigurationName = Release;
		};
/* End XCConfigurationList section */
	};
	rootObject = 3AD767D31DB681D900BE5E05 /* Project object */;
}
