// !$*UTF8*$!
{
	archiveVersion = 1;
	classes = {
	};
	objectVersion = 46;
	objects = {

/* Begin PBXBuildFile section */
		A26D0E481DB681B600D1FE0B /* AppDelegate.swift in Sources */ = {isa = PBXBuildFile; fileRef = A26D0E471DB681B600D1FE0B /* AppDelegate.swift */; };
		A26D0E4A1DB681B600D1FE0B /* ViewController.swift in Sources */ = {isa = PBXBuildFile; fileRef = A26D0E491DB681B600D1FE0B /* ViewController.swift */; };
		A26D0E4D1DB681B600D1FE0B /* Main.storyboard in Resources */ = {isa = PBXBuildFile; fileRef = A26D0E4B1DB681B600D1FE0B /* Main.storyboard */; };
		A26D0E4F1DB681B600D1FE0B /* Assets.xcassets in Resources */ = {isa = PBXBuildFile; fileRef = A26D0E4E1DB681B600D1FE0B /* Assets.xcassets */; };
		A26D0E521DB681B600D1FE0B /* LaunchScreen.storyboard in Resources */ = {isa = PBXBuildFile; fileRef = A26D0E501DB681B600D1FE0B /* LaunchScreen.storyboard */; };
		A26D0E5D1DB681B600D1FE0B /* WalkOfFameTests.swift in Sources */ = {isa = PBXBuildFile; fileRef = A26D0E5C1DB681B600D1FE0B /* WalkOfFameTests.swift */; };
		A26D0E6A1DB6838300D1FE0B /* walk_of_fame.json in Resources */ = {isa = PBXBuildFile; fileRef = A26D0E691DB6838300D1FE0B /* walk_of_fame.json */; };
		A26D0E6C1DB6847600D1FE0B /* Walk.swift in Sources */ = {isa = PBXBuildFile; fileRef = A26D0E6B1DB6847600D1FE0B /* Walk.swift */; };
		A26D0E6E1DB685D400D1FE0B /* WOFTableViewController.swift in Sources */ = {isa = PBXBuildFile; fileRef = A26D0E6D1DB685D400D1FE0B /* WOFTableViewController.swift */; };
/* End PBXBuildFile section */

/* Begin PBXContainerItemProxy section */
		A26D0E591DB681B600D1FE0B /* PBXContainerItemProxy */ = {
			isa = PBXContainerItemProxy;
			containerPortal = A26D0E3C1DB681B600D1FE0B /* Project object */;
			proxyType = 1;
			remoteGlobalIDString = A26D0E431DB681B600D1FE0B;
			remoteInfo = WalkOfFame;
		};
/* End PBXContainerItemProxy section */

/* Begin PBXFileReference section */
		A26D0E441DB681B600D1FE0B /* WalkOfFame.app */ = {isa = PBXFileReference; explicitFileType = wrapper.application; includeInIndex = 0; path = WalkOfFame.app; sourceTree = BUILT_PRODUCTS_DIR; };
		A26D0E471DB681B600D1FE0B /* AppDelegate.swift */ = {isa = PBXFileReference; lastKnownFileType = sourcecode.swift; path = AppDelegate.swift; sourceTree = "<group>"; };
		A26D0E491DB681B600D1FE0B /* ViewController.swift */ = {isa = PBXFileReference; lastKnownFileType = sourcecode.swift; path = ViewController.swift; sourceTree = "<group>"; };
		A26D0E4C1DB681B600D1FE0B /* Base */ = {isa = PBXFileReference; lastKnownFileType = file.storyboard; name = Base; path = Base.lproj/Main.storyboard; sourceTree = "<group>"; };
		A26D0E4E1DB681B600D1FE0B /* Assets.xcassets */ = {isa = PBXFileReference; lastKnownFileType = folder.assetcatalog; path = Assets.xcassets; sourceTree = "<group>"; };
		A26D0E511DB681B600D1FE0B /* Base */ = {isa = PBXFileReference; lastKnownFileType = file.storyboard; name = Base; path = Base.lproj/LaunchScreen.storyboard; sourceTree = "<group>"; };
		A26D0E531DB681B600D1FE0B /* Info.plist */ = {isa = PBXFileReference; lastKnownFileType = text.plist.xml; path = Info.plist; sourceTree = "<group>"; };
		A26D0E581DB681B600D1FE0B /* WalkOfFameTests.xctest */ = {isa = PBXFileReference; explicitFileType = wrapper.cfbundle; includeInIndex = 0; path = WalkOfFameTests.xctest; sourceTree = BUILT_PRODUCTS_DIR; };
		A26D0E5C1DB681B600D1FE0B /* WalkOfFameTests.swift */ = {isa = PBXFileReference; lastKnownFileType = sourcecode.swift; path = WalkOfFameTests.swift; sourceTree = "<group>"; };
		A26D0E5E1DB681B600D1FE0B /* Info.plist */ = {isa = PBXFileReference; lastKnownFileType = text.plist.xml; path = Info.plist; sourceTree = "<group>"; };
		A26D0E691DB6838300D1FE0B /* walk_of_fame.json */ = {isa = PBXFileReference; fileEncoding = 4; lastKnownFileType = text.json; name = walk_of_fame.json; path = ../walk_of_fame.json; sourceTree = "<group>"; };
		A26D0E6B1DB6847600D1FE0B /* Walk.swift */ = {isa = PBXFileReference; fileEncoding = 4; lastKnownFileType = sourcecode.swift; path = Walk.swift; sourceTree = "<group>"; };
		A26D0E6D1DB685D400D1FE0B /* WOFTableViewController.swift */ = {isa = PBXFileReference; fileEncoding = 4; lastKnownFileType = sourcecode.swift; path = WOFTableViewController.swift; sourceTree = "<group>"; };
/* End PBXFileReference section */

/* Begin PBXFrameworksBuildPhase section */
		A26D0E411DB681B600D1FE0B /* Frameworks */ = {
			isa = PBXFrameworksBuildPhase;
			buildActionMask = 2147483647;
			files = (
			);
			runOnlyForDeploymentPostprocessing = 0;
		};
		A26D0E551DB681B600D1FE0B /* Frameworks */ = {
			isa = PBXFrameworksBuildPhase;
			buildActionMask = 2147483647;
			files = (
			);
			runOnlyForDeploymentPostprocessing = 0;
		};
/* End PBXFrameworksBuildPhase section */

/* Begin PBXGroup section */
		A26D0E3B1DB681B600D1FE0B = {
			isa = PBXGroup;
			children = (
				A26D0E461DB681B600D1FE0B /* WalkOfFame */,
				A26D0E5B1DB681B600D1FE0B /* WalkOfFameTests */,
				A26D0E451DB681B600D1FE0B /* Products */,
			);
			sourceTree = "<group>";
		};
		A26D0E451DB681B600D1FE0B /* Products */ = {
			isa = PBXGroup;
			children = (
				A26D0E441DB681B600D1FE0B /* WalkOfFame.app */,
				A26D0E581DB681B600D1FE0B /* WalkOfFameTests.xctest */,
			);
			name = Products;
			sourceTree = "<group>";
		};
		A26D0E461DB681B600D1FE0B /* WalkOfFame */ = {
			isa = PBXGroup;
			children = (
				A26D0E471DB681B600D1FE0B /* AppDelegate.swift */,
				A26D0E491DB681B600D1FE0B /* ViewController.swift */,
				A26D0E4B1DB681B600D1FE0B /* Main.storyboard */,
				A26D0E6D1DB685D400D1FE0B /* WOFTableViewController.swift */,
				A26D0E6B1DB6847600D1FE0B /* Walk.swift */,
				A26D0E691DB6838300D1FE0B /* walk_of_fame.json */,
				A26D0E4E1DB681B600D1FE0B /* Assets.xcassets */,
				A26D0E501DB681B600D1FE0B /* LaunchScreen.storyboard */,
				A26D0E531DB681B600D1FE0B /* Info.plist */,
			);
			path = WalkOfFame;
			sourceTree = "<group>";
		};
		A26D0E5B1DB681B600D1FE0B /* WalkOfFameTests */ = {
			isa = PBXGroup;
			children = (
				A26D0E5C1DB681B600D1FE0B /* WalkOfFameTests.swift */,
				A26D0E5E1DB681B600D1FE0B /* Info.plist */,
			);
			path = WalkOfFameTests;
			sourceTree = "<group>";
		};
/* End PBXGroup section */

/* Begin PBXNativeTarget section */
		A26D0E431DB681B600D1FE0B /* WalkOfFame */ = {
			isa = PBXNativeTarget;
			buildConfigurationList = A26D0E611DB681B600D1FE0B /* Build configuration list for PBXNativeTarget "WalkOfFame" */;
			buildPhases = (
				A26D0E401DB681B600D1FE0B /* Sources */,
				A26D0E411DB681B600D1FE0B /* Frameworks */,
				A26D0E421DB681B600D1FE0B /* Resources */,
			);
			buildRules = (
			);
			dependencies = (
			);
			name = WalkOfFame;
			productName = WalkOfFame;
			productReference = A26D0E441DB681B600D1FE0B /* WalkOfFame.app */;
			productType = "com.apple.product-type.application";
		};
		A26D0E571DB681B600D1FE0B /* WalkOfFameTests */ = {
			isa = PBXNativeTarget;
			buildConfigurationList = A26D0E641DB681B600D1FE0B /* Build configuration list for PBXNativeTarget "WalkOfFameTests" */;
			buildPhases = (
				A26D0E541DB681B600D1FE0B /* Sources */,
				A26D0E551DB681B600D1FE0B /* Frameworks */,
				A26D0E561DB681B600D1FE0B /* Resources */,
			);
			buildRules = (
			);
			dependencies = (
				A26D0E5A1DB681B600D1FE0B /* PBXTargetDependency */,
			);
			name = WalkOfFameTests;
			productName = WalkOfFameTests;
			productReference = A26D0E581DB681B600D1FE0B /* WalkOfFameTests.xctest */;
			productType = "com.apple.product-type.bundle.unit-test";
		};
/* End PBXNativeTarget section */

/* Begin PBXProject section */
		A26D0E3C1DB681B600D1FE0B /* Project object */ = {
			isa = PBXProject;
			attributes = {
				LastSwiftUpdateCheck = 0800;
				LastUpgradeCheck = 0800;
				ORGANIZATIONNAME = Kadell;
				TargetAttributes = {
					A26D0E431DB681B600D1FE0B = {
						CreatedOnToolsVersion = 8.0;
						ProvisioningStyle = Automatic;
					};
					A26D0E571DB681B600D1FE0B = {
						CreatedOnToolsVersion = 8.0;
						ProvisioningStyle = Automatic;
						TestTargetID = A26D0E431DB681B600D1FE0B;
					};
				};
			};
			buildConfigurationList = A26D0E3F1DB681B600D1FE0B /* Build configuration list for PBXProject "WalkOfFame" */;
			compatibilityVersion = "Xcode 3.2";
			developmentRegion = English;
			hasScannedForEncodings = 0;
			knownRegions = (
				en,
				Base,
			);
			mainGroup = A26D0E3B1DB681B600D1FE0B;
			productRefGroup = A26D0E451DB681B600D1FE0B /* Products */;
			projectDirPath = "";
			projectRoot = "";
			targets = (
				A26D0E431DB681B600D1FE0B /* WalkOfFame */,
				A26D0E571DB681B600D1FE0B /* WalkOfFameTests */,
			);
		};
/* End PBXProject section */

/* Begin PBXResourcesBuildPhase section */
		A26D0E421DB681B600D1FE0B /* Resources */ = {
			isa = PBXResourcesBuildPhase;
			buildActionMask = 2147483647;
			files = (
				A26D0E6A1DB6838300D1FE0B /* walk_of_fame.json in Resources */,
				A26D0E521DB681B600D1FE0B /* LaunchScreen.storyboard in Resources */,
				A26D0E4F1DB681B600D1FE0B /* Assets.xcassets in Resources */,
				A26D0E4D1DB681B600D1FE0B /* Main.storyboard in Resources */,
			);
			runOnlyForDeploymentPostprocessing = 0;
		};
		A26D0E561DB681B600D1FE0B /* Resources */ = {
			isa = PBXResourcesBuildPhase;
			buildActionMask = 2147483647;
			files = (
			);
			runOnlyForDeploymentPostprocessing = 0;
		};
/* End PBXResourcesBuildPhase section */

/* Begin PBXSourcesBuildPhase section */
		A26D0E401DB681B600D1FE0B /* Sources */ = {
			isa = PBXSourcesBuildPhase;
			buildActionMask = 2147483647;
			files = (
				A26D0E4A1DB681B600D1FE0B /* ViewController.swift in Sources */,
				A26D0E6C1DB6847600D1FE0B /* Walk.swift in Sources */,
				A26D0E6E1DB685D400D1FE0B /* WOFTableViewController.swift in Sources */,
				A26D0E481DB681B600D1FE0B /* AppDelegate.swift in Sources */,
			);
			runOnlyForDeploymentPostprocessing = 0;
		};
		A26D0E541DB681B600D1FE0B /* Sources */ = {
			isa = PBXSourcesBuildPhase;
			buildActionMask = 2147483647;
			files = (
				A26D0E5D1DB681B600D1FE0B /* WalkOfFameTests.swift in Sources */,
			);
			runOnlyForDeploymentPostprocessing = 0;
		};
/* End PBXSourcesBuildPhase section */

/* Begin PBXTargetDependency section */
		A26D0E5A1DB681B600D1FE0B /* PBXTargetDependency */ = {
			isa = PBXTargetDependency;
			target = A26D0E431DB681B600D1FE0B /* WalkOfFame */;
			targetProxy = A26D0E591DB681B600D1FE0B /* PBXContainerItemProxy */;
		};
/* End PBXTargetDependency section */

/* Begin PBXVariantGroup section */
		A26D0E4B1DB681B600D1FE0B /* Main.storyboard */ = {
			isa = PBXVariantGroup;
			children = (
				A26D0E4C1DB681B600D1FE0B /* Base */,
			);
			name = Main.storyboard;
			sourceTree = "<group>";
		};
		A26D0E501DB681B600D1FE0B /* LaunchScreen.storyboard */ = {
			isa = PBXVariantGroup;
			children = (
				A26D0E511DB681B600D1FE0B /* Base */,
			);
			name = LaunchScreen.storyboard;
			sourceTree = "<group>";
		};
/* End PBXVariantGroup section */

/* Begin XCBuildConfiguration section */
		A26D0E5F1DB681B600D1FE0B /* Debug */ = {
			isa = XCBuildConfiguration;
			buildSettings = {
				ALWAYS_SEARCH_USER_PATHS = NO;
				CLANG_ANALYZER_NONNULL = YES;
				CLANG_CXX_LANGUAGE_STANDARD = "gnu++0x";
				CLANG_CXX_LIBRARY = "libc++";
				CLANG_ENABLE_MODULES = YES;
				CLANG_ENABLE_OBJC_ARC = YES;
				CLANG_WARN_BOOL_CONVERSION = YES;
				CLANG_WARN_CONSTANT_CONVERSION = YES;
				CLANG_WARN_DIRECT_OBJC_ISA_USAGE = YES_ERROR;
				CLANG_WARN_DOCUMENTATION_COMMENTS = YES;
				CLANG_WARN_EMPTY_BODY = YES;
				CLANG_WARN_ENUM_CONVERSION = YES;
				CLANG_WARN_INFINITE_RECURSION = YES;
				CLANG_WARN_INT_CONVERSION = YES;
				CLANG_WARN_OBJC_ROOT_CLASS = YES_ERROR;
				CLANG_WARN_SUSPICIOUS_MOVES = YES;
				CLANG_WARN_UNREACHABLE_CODE = YES;
				CLANG_WARN__DUPLICATE_METHOD_MATCH = YES;
				"CODE_SIGN_IDENTITY[sdk=iphoneos*]" = "iPhone Developer";
				COPY_PHASE_STRIP = NO;
				DEBUG_INFORMATION_FORMAT = dwarf;
				ENABLE_STRICT_OBJC_MSGSEND = YES;
				ENABLE_TESTABILITY = YES;
				GCC_C_LANGUAGE_STANDARD = gnu99;
				GCC_DYNAMIC_NO_PIC = NO;
				GCC_NO_COMMON_BLOCKS = YES;
				GCC_OPTIMIZATION_LEVEL = 0;
				GCC_PREPROCESSOR_DEFINITIONS = (
					"DEBUG=1",
					"$(inherited)",
				);
				GCC_WARN_64_TO_32_BIT_CONVERSION = YES;
				GCC_WARN_ABOUT_RETURN_TYPE = YES_ERROR;
				GCC_WARN_UNDECLARED_SELECTOR = YES;
				GCC_WARN_UNINITIALIZED_AUTOS = YES_AGGRESSIVE;
				GCC_WARN_UNUSED_FUNCTION = YES;
				GCC_WARN_UNUSED_VARIABLE = YES;
				IPHONEOS_DEPLOYMENT_TARGET = 10.0;
				MTL_ENABLE_DEBUG_INFO = YES;
				ONLY_ACTIVE_ARCH = YES;
				SDKROOT = iphoneos;
				SWIFT_ACTIVE_COMPILATION_CONDITIONS = DEBUG;
				SWIFT_OPTIMIZATION_LEVEL = "-Onone";
				TARGETED_DEVICE_FAMILY = "1,2";
			};
			name = Debug;
		};
		A26D0E601DB681B600D1FE0B /* Release */ = {
			isa = XCBuildConfiguration;
			buildSettings = {
				ALWAYS_SEARCH_USER_PATHS = NO;
				CLANG_ANALYZER_NONNULL = YES;
				CLANG_CXX_LANGUAGE_STANDARD = "gnu++0x";
				CLANG_CXX_LIBRARY = "libc++";
				CLANG_ENABLE_MODULES = YES;
				CLANG_ENABLE_OBJC_ARC = YES;
				CLANG_WARN_BOOL_CONVERSION = YES;
				CLANG_WARN_CONSTANT_CONVERSION = YES;
				CLANG_WARN_DIRECT_OBJC_ISA_USAGE = YES_ERROR;
				CLANG_WARN_DOCUMENTATION_COMMENTS = YES;
				CLANG_WARN_EMPTY_BODY = YES;
				CLANG_WARN_ENUM_CONVERSION = YES;
				CLANG_WARN_INFINITE_RECURSION = YES;
				CLANG_WARN_INT_CONVERSION = YES;
				CLANG_WARN_OBJC_ROOT_CLASS = YES_ERROR;
				CLANG_WARN_SUSPICIOUS_MOVES = YES;
				CLANG_WARN_UNREACHABLE_CODE = YES;
				CLANG_WARN__DUPLICATE_METHOD_MATCH = YES;
				"CODE_SIGN_IDENTITY[sdk=iphoneos*]" = "iPhone Developer";
				COPY_PHASE_STRIP = NO;
				DEBUG_INFORMATION_FORMAT = "dwarf-with-dsym";
				ENABLE_NS_ASSERTIONS = NO;
				ENABLE_STRICT_OBJC_MSGSEND = YES;
				GCC_C_LANGUAGE_STANDARD = gnu99;
				GCC_NO_COMMON_BLOCKS = YES;
				GCC_WARN_64_TO_32_BIT_CONVERSION = YES;
				GCC_WARN_ABOUT_RETURN_TYPE = YES_ERROR;
				GCC_WARN_UNDECLARED_SELECTOR = YES;
				GCC_WARN_UNINITIALIZED_AUTOS = YES_AGGRESSIVE;
				GCC_WARN_UNUSED_FUNCTION = YES;
				GCC_WARN_UNUSED_VARIABLE = YES;
				IPHONEOS_DEPLOYMENT_TARGET = 10.0;
				MTL_ENABLE_DEBUG_INFO = NO;
				SDKROOT = iphoneos;
				SWIFT_OPTIMIZATION_LEVEL = "-Owholemodule";
				TARGETED_DEVICE_FAMILY = "1,2";
				VALIDATE_PRODUCT = YES;
			};
			name = Release;
		};
		A26D0E621DB681B600D1FE0B /* Debug */ = {
			isa = XCBuildConfiguration;
			buildSettings = {
				ASSETCATALOG_COMPILER_APPICON_NAME = AppIcon;
				INFOPLIST_FILE = WalkOfFame/Info.plist;
				LD_RUNPATH_SEARCH_PATHS = "$(inherited) @executable_path/Frameworks";
				PRODUCT_BUNDLE_IDENTIFIER = com.Example.WalkOfFame;
				PRODUCT_NAME = "$(TARGET_NAME)";
				SWIFT_VERSION = 3.0;
			};
			name = Debug;
		};
		A26D0E631DB681B600D1FE0B /* Release */ = {
			isa = XCBuildConfiguration;
			buildSettings = {
				ASSETCATALOG_COMPILER_APPICON_NAME = AppIcon;
				INFOPLIST_FILE = WalkOfFame/Info.plist;
				LD_RUNPATH_SEARCH_PATHS = "$(inherited) @executable_path/Frameworks";
				PRODUCT_BUNDLE_IDENTIFIER = com.Example.WalkOfFame;
				PRODUCT_NAME = "$(TARGET_NAME)";
				SWIFT_VERSION = 3.0;
			};
			name = Release;
		};
		A26D0E651DB681B600D1FE0B /* Debug */ = {
			isa = XCBuildConfiguration;
			buildSettings = {
				ALWAYS_EMBED_SWIFT_STANDARD_LIBRARIES = YES;
				BUNDLE_LOADER = "$(TEST_HOST)";
				INFOPLIST_FILE = WalkOfFameTests/Info.plist;
				LD_RUNPATH_SEARCH_PATHS = "$(inherited) @executable_path/Frameworks @loader_path/Frameworks";
				PRODUCT_BUNDLE_IDENTIFIER = com.Example.WalkOfFameTests;
				PRODUCT_NAME = "$(TARGET_NAME)";
				SWIFT_VERSION = 3.0;
				TEST_HOST = "$(BUILT_PRODUCTS_DIR)/WalkOfFame.app/WalkOfFame";
			};
			name = Debug;
		};
		A26D0E661DB681B600D1FE0B /* Release */ = {
			isa = XCBuildConfiguration;
			buildSettings = {
				ALWAYS_EMBED_SWIFT_STANDARD_LIBRARIES = YES;
				BUNDLE_LOADER = "$(TEST_HOST)";
				INFOPLIST_FILE = WalkOfFameTests/Info.plist;
				LD_RUNPATH_SEARCH_PATHS = "$(inherited) @executable_path/Frameworks @loader_path/Frameworks";
				PRODUCT_BUNDLE_IDENTIFIER = com.Example.WalkOfFameTests;
				PRODUCT_NAME = "$(TARGET_NAME)";
				SWIFT_VERSION = 3.0;
				TEST_HOST = "$(BUILT_PRODUCTS_DIR)/WalkOfFame.app/WalkOfFame";
			};
			name = Release;
		};
/* End XCBuildConfiguration section */

/* Begin XCConfigurationList section */
		A26D0E3F1DB681B600D1FE0B /* Build configuration list for PBXProject "WalkOfFame" */ = {
			isa = XCConfigurationList;
			buildConfigurations = (
				A26D0E5F1DB681B600D1FE0B /* Debug */,
				A26D0E601DB681B600D1FE0B /* Release */,
			);
			defaultConfigurationIsVisible = 0;
			defaultConfigurationName = Release;
		};
		A26D0E611DB681B600D1FE0B /* Build configuration list for PBXNativeTarget "WalkOfFame" */ = {
			isa = XCConfigurationList;
			buildConfigurations = (
				A26D0E621DB681B600D1FE0B /* Debug */,
				A26D0E631DB681B600D1FE0B /* Release */,
			);
			defaultConfigurationIsVisible = 0;
		};
		A26D0E641DB681B600D1FE0B /* Build configuration list for PBXNativeTarget "WalkOfFameTests" */ = {
			isa = XCConfigurationList;
			buildConfigurations = (
				A26D0E651DB681B600D1FE0B /* Debug */,
				A26D0E661DB681B600D1FE0B /* Release */,
			);
			defaultConfigurationIsVisible = 0;
		};
/* End XCConfigurationList section */
	};
	rootObject = A26D0E3C1DB681B600D1FE0B /* Project object */;
}
