// !$*UTF8*$!
{
	archiveVersion = 1;
	classes = {
	};
	objectVersion = 46;
	objects = {

/* Begin PBXBuildFile section */
		3E56FFEA1D7A4AEE008F8FB5 /* main.swift in Sources */ = {isa = PBXBuildFile; fileRef = 3E56FFE91D7A4AEE008F8FB5 /* main.swift */; };
/* End PBXBuildFile section */

/* Begin PBXCopyFilesBuildPhase section */
		3E56FFE41D7A4AEE008F8FB5 /* CopyFiles */ = {
			isa = PBXCopyFilesBuildPhase;
			buildActionMask = 2147483647;
			dstPath = /usr/share/man/man1/;
			dstSubfolderSpec = 0;
			files = (
			);
			runOnlyForDeploymentPostprocessing = 1;
		};
/* End PBXCopyFilesBuildPhase section */

/* Begin PBXFileReference section */
		3E56FFE61D7A4AEE008F8FB5 /* HW3 */ = {isa = PBXFileReference; explicitFileType = "compiled.mach-o.executable"; includeInIndex = 0; path = HW3; sourceTree = BUILT_PRODUCTS_DIR; };
		3E56FFE91D7A4AEE008F8FB5 /* main.swift */ = {isa = PBXFileReference; lastKnownFileType = sourcecode.swift; path = main.swift; sourceTree = "<group>"; };
/* End PBXFileReference section */

/* Begin PBXFrameworksBuildPhase section */
		3E56FFE31D7A4AEE008F8FB5 /* Frameworks */ = {
			isa = PBXFrameworksBuildPhase;
			buildActionMask = 2147483647;
			files = (
			);
			runOnlyForDeploymentPostprocessing = 0;
		};
/* End PBXFrameworksBuildPhase section */

/* Begin PBXGroup section */
		3E56FFDD1D7A4AEE008F8FB5 = {
			isa = PBXGroup;
			children = (
				3E56FFE81D7A4AEE008F8FB5 /* HW3 */,
				3E56FFE71D7A4AEE008F8FB5 /* Products */,
			);
			sourceTree = "<group>";
		};
		3E56FFE71D7A4AEE008F8FB5 /* Products */ = {
			isa = PBXGroup;
			children = (
				3E56FFE61D7A4AEE008F8FB5 /* HW3 */,
			);
			name = Products;
			sourceTree = "<group>";
		};
		3E56FFE81D7A4AEE008F8FB5 /* HW3 */ = {
			isa = PBXGroup;
			children = (
				3E56FFE91D7A4AEE008F8FB5 /* main.swift */,
			);
			path = HW3;
			sourceTree = "<group>";
		};
/* End PBXGroup section */

/* Begin PBXNativeTarget section */
		3E56FFE51D7A4AEE008F8FB5 /* HW3 */ = {
			isa = PBXNativeTarget;
			buildConfigurationList = 3E56FFED1D7A4AEE008F8FB5 /* Build configuration list for PBXNativeTarget "HW3" */;
			buildPhases = (
				3E56FFE21D7A4AEE008F8FB5 /* Sources */,
				3E56FFE31D7A4AEE008F8FB5 /* Frameworks */,
				3E56FFE41D7A4AEE008F8FB5 /* CopyFiles */,
			);
			buildRules = (
			);
			dependencies = (
			);
			name = HW3;
			productName = HW3;
			productReference = 3E56FFE61D7A4AEE008F8FB5 /* HW3 */;
			productType = "com.apple.product-type.tool";
		};
/* End PBXNativeTarget section */

/* Begin PBXProject section */
		3E56FFDE1D7A4AEE008F8FB5 /* Project object */ = {
			isa = PBXProject;
			attributes = {
				LastSwiftUpdateCheck = 0730;
				LastUpgradeCheck = 0730;
				ORGANIZATIONNAME = "Marcel Chaucer";
				TargetAttributes = {
					3E56FFE51D7A4AEE008F8FB5 = {
						CreatedOnToolsVersion = 7.3.1;
					};
				};
			};
			buildConfigurationList = 3E56FFE11D7A4AEE008F8FB5 /* Build configuration list for PBXProject "HW3" */;
			compatibilityVersion = "Xcode 3.2";
			developmentRegion = English;
			hasScannedForEncodings = 0;
			knownRegions = (
				en,
			);
			mainGroup = 3E56FFDD1D7A4AEE008F8FB5;
			productRefGroup = 3E56FFE71D7A4AEE008F8FB5 /* Products */;
			projectDirPath = "";
			projectRoot = "";
			targets = (
				3E56FFE51D7A4AEE008F8FB5 /* HW3 */,
			);
		};
/* End PBXProject section */

/* Begin PBXSourcesBuildPhase section */
		3E56FFE21D7A4AEE008F8FB5 /* Sources */ = {
			isa = PBXSourcesBuildPhase;
			buildActionMask = 2147483647;
			files = (
				3E56FFEA1D7A4AEE008F8FB5 /* main.swift in Sources */,
			);
			runOnlyForDeploymentPostprocessing = 0;
		};
/* End PBXSourcesBuildPhase section */

/* Begin XCBuildConfiguration section */
		3E56FFEB1D7A4AEE008F8FB5 /* Debug */ = {
			isa = XCBuildConfiguration;
			buildSettings = {
				ALWAYS_SEARCH_USER_PATHS = NO;
				CLANG_ANALYZER_NONNULL = YES;
				CLANG_CXX_LANGUAGE_STANDARD = "gnu++0x";
				CLANG_CXX_LIBRARY = "libc++";
				CLANG_ENABLE_MODULES = YES;
				CLANG_ENABLE_OBJC_ARC = YES;
				CLANG_WARN_BOOL_CONVERSION = YES;
				CLANG_WARN_CONSTANT_CONVERSION = YES;
				CLANG_WARN_DIRECT_OBJC_ISA_USAGE = YES_ERROR;
				CLANG_WARN_EMPTY_BODY = YES;
				CLANG_WARN_ENUM_CONVERSION = YES;
				CLANG_WARN_INT_CONVERSION = YES;
				CLANG_WARN_OBJC_ROOT_CLASS = YES_ERROR;
				CLANG_WARN_UNREACHABLE_CODE = YES;
				CLANG_WARN__DUPLICATE_METHOD_MATCH = YES;
				CODE_SIGN_IDENTITY = "-";
				COPY_PHASE_STRIP = NO;
				DEBUG_INFORMATION_FORMAT = dwarf;
				ENABLE_STRICT_OBJC_MSGSEND = YES;
				ENABLE_TESTABILITY = YES;
				GCC_C_LANGUAGE_STANDARD = gnu99;
				GCC_DYNAMIC_NO_PIC = NO;
				GCC_NO_COMMON_BLOCKS = YES;
				GCC_OPTIMIZATION_LEVEL = 0;
				GCC_PREPROCESSOR_DEFINITIONS = (
					"DEBUG=1",
					"$(inherited)",
				);
				GCC_WARN_64_TO_32_BIT_CONVERSION = YES;
				GCC_WARN_ABOUT_RETURN_TYPE = YES_ERROR;
				GCC_WARN_UNDECLARED_SELECTOR = YES;
				GCC_WARN_UNINITIALIZED_AUTOS = YES_AGGRESSIVE;
				GCC_WARN_UNUSED_FUNCTION = YES;
				GCC_WARN_UNUSED_VARIABLE = YES;
				MACOSX_DEPLOYMENT_TARGET = 10.11;
				MTL_ENABLE_DEBUG_INFO = YES;
				ONLY_ACTIVE_ARCH = YES;
				SDKROOT = macosx;
				SWIFT_OPTIMIZATION_LEVEL = "-Onone";
			};
			name = Debug;
		};
		3E56FFEC1D7A4AEE008F8FB5 /* Release */ = {
			isa = XCBuildConfiguration;
			buildSettings = {
				ALWAYS_SEARCH_USER_PATHS = NO;
				CLANG_ANALYZER_NONNULL = YES;
				CLANG_CXX_LANGUAGE_STANDARD = "gnu++0x";
				CLANG_CXX_LIBRARY = "libc++";
				CLANG_ENABLE_MODULES = YES;
				CLANG_ENABLE_OBJC_ARC = YES;
				CLANG_WARN_BOOL_CONVERSION = YES;
				CLANG_WARN_CONSTANT_CONVERSION = YES;
				CLANG_WARN_DIRECT_OBJC_ISA_USAGE = YES_ERROR;
				CLANG_WARN_EMPTY_BODY = YES;
				CLANG_WARN_ENUM_CONVERSION = YES;
				CLANG_WARN_INT_CONVERSION = YES;
				CLANG_WARN_OBJC_ROOT_CLASS = YES_ERROR;
				CLANG_WARN_UNREACHABLE_CODE = YES;
				CLANG_WARN__DUPLICATE_METHOD_MATCH = YES;
				CODE_SIGN_IDENTITY = "-";
				COPY_PHASE_STRIP = NO;
				DEBUG_INFORMATION_FORMAT = "dwarf-with-dsym";
				ENABLE_NS_ASSERTIONS = NO;
				ENABLE_STRICT_OBJC_MSGSEND = YES;
				GCC_C_LANGUAGE_STANDARD = gnu99;
				GCC_NO_COMMON_BLOCKS = YES;
				GCC_WARN_64_TO_32_BIT_CONVERSION = YES;
				GCC_WARN_ABOUT_RETURN_TYPE = YES_ERROR;
				GCC_WARN_UNDECLARED_SELECTOR = YES;
				GCC_WARN_UNINITIALIZED_AUTOS = YES_AGGRESSIVE;
				GCC_WARN_UNUSED_FUNCTION = YES;
				GCC_WARN_UNUSED_VARIABLE = YES;
				MACOSX_DEPLOYMENT_TARGET = 10.11;
				MTL_ENABLE_DEBUG_INFO = NO;
				SDKROOT = macosx;
			};
			name = Release;
		};
		3E56FFEE1D7A4AEE008F8FB5 /* Debug */ = {
			isa = XCBuildConfiguration;
			buildSettings = {
				PRODUCT_NAME = "$(TARGET_NAME)";
			};
			name = Debug;
		};
		3E56FFEF1D7A4AEE008F8FB5 /* Release */ = {
			isa = XCBuildConfiguration;
			buildSettings = {
				PRODUCT_NAME = "$(TARGET_NAME)";
			};
			name = Release;
		};
/* End XCBuildConfiguration section */

/* Begin XCConfigurationList section */
		3E56FFE11D7A4AEE008F8FB5 /* Build configuration list for PBXProject "HW3" */ = {
			isa = XCConfigurationList;
			buildConfigurations = (
				3E56FFEB1D7A4AEE008F8FB5 /* Debug */,
				3E56FFEC1D7A4AEE008F8FB5 /* Release */,
			);
			defaultConfigurationIsVisible = 0;
			defaultConfigurationName = Release;
		};
		3E56FFED1D7A4AEE008F8FB5 /* Build configuration list for PBXNativeTarget "HW3" */ = {
			isa = XCConfigurationList;
			buildConfigurations = (
				3E56FFEE1D7A4AEE008F8FB5 /* Debug */,
				3E56FFEF1D7A4AEE008F8FB5 /* Release */,
			);
			defaultConfigurationIsVisible = 0;
			defaultConfigurationName = Release;
		};
/* End XCConfigurationList section */
	};
	rootObject = 3E56FFDE1D7A4AEE008F8FB5 /* Project object */;
}
